
Microsoft Visual Studio Solution File, Format Version 12.00
# Visual Studio Version 17
VisualStudioVersion = 17.7.34018.315
MinimumVisualStudioVersion = 10.0.40219.1
Project("{FAE04EC0-301F-11D3-BF4B-00C04F79EFBC}") = "Kap 6 Uppgift 6.6", "Kap 6 Uppgift 6.6\Kap 6 Uppgift 6.6.csproj", "{DF059188-7185-4ABA-9637-68F1D4914DB8}"
EndProject
Global
	GlobalSection(SolutionConfigurationPlatforms) = preSolution
		Debug|Any CPU = Debug|Any CPU
		Release|Any CPU = Release|Any CPU
	EndGlobalSection
	GlobalSection(ProjectConfigurationPlatforms) = postSolution
		{DF059188-7185-4ABA-9637-68F1D4914DB8}.Debug|Any CPU.ActiveCfg = Debug|Any CPU
		{DF059188-7185-4ABA-9637-68F1D4914DB8}.Debug|Any CPU.Build.0 = Debug|Any CPU
		{DF059188-7185-4ABA-9637-68F1D4914DB8}.Release|Any CPU.ActiveCfg = Release|Any CPU
		{DF059188-7185-4ABA-9637-68F1D4914DB8}.Release|Any CPU.Build.0 = Release|Any CPU
	EndGlobalSection
	GlobalSection(SolutionProperties) = preSolution
		HideSolutionNode = FALSE
	EndGlobalSection
	GlobalSection(ExtensibilityGlobals) = postSolution
		SolutionGuid = {02F3B2E1-EF26-4DD8-90B7-517064075D3D}
	EndGlobalSection
EndGlobal
